
Microsoft Visual Studio Solution File, Format Version 12.00
# Visual Studio Version 17
VisualStudioVersion = 17.13.35818.85 d17.13
MinimumVisualStudioVersion = 10.0.40219.1
Project("{FAE04EC0-301F-11D3-BF4B-00C04F79EFBC}") = "PrisonersStrategy", "PrisonersStrategy\PrisonersStrategy.csproj", "{D1F715CD-A55F-4DFE-8A54-454B03802B1C}"
EndProject
Project("{E53339B2-1760-4266-BCC7-CA923CBCF16C}") = "docker-compose", "docker-compose.dcproj", "{81DDED9D-158B-E303-5F62-77A2896D2A5A}"
EndProject
Global
	GlobalSection(SolutionConfigurationPlatforms) = preSolution
		Debug|Any CPU = Debug|Any CPU
		Release|Any CPU = Release|Any CPU
	EndGlobalSection
	GlobalSection(ProjectConfigurationPlatforms) = postSolution
		{D1F715CD-A55F-4DFE-8A54-454B03802B1C}.Debug|Any CPU.ActiveCfg = Debug|Any CPU
		{D1F715CD-A55F-4DFE-8A54-454B03802B1C}.Debug|Any CPU.Build.0 = Debug|Any CPU
		{D1F715CD-A55F-4DFE-8A54-454B03802B1C}.Release|Any CPU.ActiveCfg = Release|Any CPU
		{D1F715CD-A55F-4DFE-8A54-454B03802B1C}.Release|Any CPU.Build.0 = Release|Any CPU
		{81DDED9D-158B-E303-5F62-77A2896D2A5A}.Debug|Any CPU.ActiveCfg = Debug|Any CPU
		{81DDED9D-158B-E303-5F62-77A2896D2A5A}.Debug|Any CPU.Build.0 = Debug|Any CPU
		{81DDED9D-158B-E303-5F62-77A2896D2A5A}.Release|Any CPU.ActiveCfg = Release|Any CPU
		{81DDED9D-158B-E303-5F62-77A2896D2A5A}.Release|Any CPU.Build.0 = Release|Any CPU
	EndGlobalSection
	GlobalSection(SolutionProperties) = preSolution
		HideSolutionNode = FALSE
	EndGlobalSection
	GlobalSection(ExtensibilityGlobals) = postSolution
		SolutionGuid = {D210FF0D-9C2E-4EAD-8527-B5FE27560AE8}
	EndGlobalSection
EndGlobal
